// !$*UTF8*$!
{
	archiveVersion = 1;
	classes = {
	};
	objectVersion = 46;
	objects = {

/* Begin PBXBuildFile section */
		3C61BEC91B7CE21F004C6890 /* JnsDetail.swift in Sources */ = {isa = PBXBuildFile; fileRef = 3C61BEC81B7CE21F004C6890 /* JnsDetail.swift */; };
		3C61BECB1B7CE293004C6890 /* BlusasDetail.swift in Sources */ = {isa = PBXBuildFile; fileRef = 3C61BECA1B7CE293004C6890 /* BlusasDetail.swift */; };
		3C61BECD1B7CE2AD004C6890 /* LeggingsDetail.swift in Sources */ = {isa = PBXBuildFile; fileRef = 3C61BECC1B7CE2AD004C6890 /* LeggingsDetail.swift */; };
		3C61BED01B7CE85D004C6890 /* TransitionOperator.swift in Sources */ = {isa = PBXBuildFile; fileRef = 3C61BECF1B7CE85D004C6890 /* TransitionOperator.swift */; };
		3C7E81FF1B7A907F00597103 /* SWRevealViewController.m in Sources */ = {isa = PBXBuildFile; fileRef = 3C7E81FE1B7A907F00597103 /* SWRevealViewController.m */; };
		3C7E82011B7A970500597103 /* BackTableVC.swift in Sources */ = {isa = PBXBuildFile; fileRef = 3C7E82001B7A970500597103 /* BackTableVC.swift */; };
		3C7E82031B7A9A3400597103 /* BlusasGridController.swift in Sources */ = {isa = PBXBuildFile; fileRef = 3C7E82021B7A9A3400597103 /* BlusasGridController.swift */; };
		3C7E82051B7A9A4A00597103 /* LeggingsGridController.swift in Sources */ = {isa = PBXBuildFile; fileRef = 3C7E82041B7A9A4A00597103 /* LeggingsGridController.swift */; };
		3C7E82071B7A9A7300597103 /* BlusasJson.swift in Sources */ = {isa = PBXBuildFile; fileRef = 3C7E82061B7A9A7300597103 /* BlusasJson.swift */; };
		3C7E82091B7A9A8A00597103 /* LeggingsJson.swift in Sources */ = {isa = PBXBuildFile; fileRef = 3C7E82081B7A9A8A00597103 /* LeggingsJson.swift */; };
		3C7E820B1B7A9C1600597103 /* BlusasCell.swift in Sources */ = {isa = PBXBuildFile; fileRef = 3C7E820A1B7A9C1600597103 /* BlusasCell.swift */; };
		3C7E820D1B7A9C3200597103 /* LeggingsCell.swift in Sources */ = {isa = PBXBuildFile; fileRef = 3C7E820C1B7A9C3200597103 /* LeggingsCell.swift */; };
		3CAB19761B82D81400636462 /* JnsZoomController.swift in Sources */ = {isa = PBXBuildFile; fileRef = 3CAB19751B82D81400636462 /* JnsZoomController.swift */; };
		3CAB19781B82D85700636462 /* JnsZoomController2.swift in Sources */ = {isa = PBXBuildFile; fileRef = 3CAB19771B82D85700636462 /* JnsZoomController2.swift */; };
		3CAB197A1B82D87500636462 /* JnsZoomController3.swift in Sources */ = {isa = PBXBuildFile; fileRef = 3CAB19791B82D87500636462 /* JnsZoomController3.swift */; };
		3CAB197E1B82E01300636462 /* BlusasZoomController.swift in Sources */ = {isa = PBXBuildFile; fileRef = 3CAB197D1B82E01300636462 /* BlusasZoomController.swift */; };
		3CAB19801B82E01E00636462 /* LeggingsZoomController.swift in Sources */ = {isa = PBXBuildFile; fileRef = 3CAB197F1B82E01E00636462 /* LeggingsZoomController.swift */; };
		3CAB19861B82F25300636462 /* LeggingsZoomController2.swift in Sources */ = {isa = PBXBuildFile; fileRef = 3CAB19851B82F25300636462 /* LeggingsZoomController2.swift */; };
		3CAB19881B82F26600636462 /* LeggingsZoomController3.swift in Sources */ = {isa = PBXBuildFile; fileRef = 3CAB19871B82F26600636462 /* LeggingsZoomController3.swift */; };
		3CC5E7E71B7672450036A9F9 /* AppDelegate.swift in Sources */ = {isa = PBXBuildFile; fileRef = 3CC5E7E61B7672450036A9F9 /* AppDelegate.swift */; };
		3CC5E7EC1B7672450036A9F9 /* Main.storyboard in Resources */ = {isa = PBXBuildFile; fileRef = 3CC5E7EA1B7672450036A9F9 /* Main.storyboard */; };
		3CC5E7EE1B7672450036A9F9 /* Images.xcassets in Resources */ = {isa = PBXBuildFile; fileRef = 3CC5E7ED1B7672450036A9F9 /* Images.xcassets */; };
		3CC5E7F11B7672460036A9F9 /* LaunchScreen.xib in Resources */ = {isa = PBXBuildFile; fileRef = 3CC5E7EF1B7672460036A9F9 /* LaunchScreen.xib */; };
		3CC5E7FD1B7672460036A9F9 /* BBUTests.swift in Sources */ = {isa = PBXBuildFile; fileRef = 3CC5E7FC1B7672460036A9F9 /* BBUTests.swift */; };
		3CC5E8081B76762E0036A9F9 /* JnsJson.swift in Sources */ = {isa = PBXBuildFile; fileRef = 3CC5E8071B76762E0036A9F9 /* JnsJson.swift */; };
		3CC5E80D1B7679E40036A9F9 /* Utils.swift in Sources */ = {isa = PBXBuildFile; fileRef = 3CC5E80C1B7679E40036A9F9 /* Utils.swift */; };
		3CC5E80F1B767B590036A9F9 /* JsonExtrct.swift in Sources */ = {isa = PBXBuildFile; fileRef = 3CC5E80E1B767B590036A9F9 /* JsonExtrct.swift */; };
		3CC5E8121B7695AC0036A9F9 /* JnsGridController.swift in Sources */ = {isa = PBXBuildFile; fileRef = 3CC5E8111B7695AC0036A9F9 /* JnsGridController.swift */; };
		3CC5E8151B7699310036A9F9 /* JnsCell.swift in Sources */ = {isa = PBXBuildFile; fileRef = 3CC5E8141B7699310036A9F9 /* JnsCell.swift */; };
		3CC5E8191B7699930036A9F9 /* mTheme.swift in Sources */ = {isa = PBXBuildFile; fileRef = 3CC5E8181B7699930036A9F9 /* mTheme.swift */; };
/* End PBXBuildFile section */

/* Begin PBXContainerItemProxy section */
		3CC5E7F71B7672460036A9F9 /* PBXContainerItemProxy */ = {
			isa = PBXContainerItemProxy;
			containerPortal = 3CC5E7D91B7672450036A9F9 /* Project object */;
			proxyType = 1;
			remoteGlobalIDString = 3CC5E7E01B7672450036A9F9;
			remoteInfo = BBU;
		};
/* End PBXContainerItemProxy section */

/* Begin PBXFileReference section */
		3C61BEC81B7CE21F004C6890 /* JnsDetail.swift */ = {isa = PBXFileReference; fileEncoding = 4; lastKnownFileType = sourcecode.swift; name = JnsDetail.swift; path = Details/JnsDetail.swift; sourceTree = "<group>"; };
		3C61BECA1B7CE293004C6890 /* BlusasDetail.swift */ = {isa = PBXFileReference; fileEncoding = 4; lastKnownFileType = sourcecode.swift; name = BlusasDetail.swift; path = Details/BlusasDetail.swift; sourceTree = "<group>"; };
		3C61BECC1B7CE2AD004C6890 /* LeggingsDetail.swift */ = {isa = PBXFileReference; fileEncoding = 4; lastKnownFileType = sourcecode.swift; name = LeggingsDetail.swift; path = Details/LeggingsDetail.swift; sourceTree = "<group>"; };
		3C61BECF1B7CE85D004C6890 /* TransitionOperator.swift */ = {isa = PBXFileReference; fileEncoding = 4; lastKnownFileType = sourcecode.swift; name = TransitionOperator.swift; path = TransitionOperator/TransitionOperator.swift; sourceTree = "<group>"; };
		3C7E81FC1B7A907E00597103 /* BBU-Bridging-Header.h */ = {isa = PBXFileReference; lastKnownFileType = sourcecode.c.h; path = "BBU-Bridging-Header.h"; sourceTree = "<group>"; };
		3C7E81FD1B7A907F00597103 /* SWRevealViewController.h */ = {isa = PBXFileReference; fileEncoding = 4; lastKnownFileType = sourcecode.c.h; path = SWRevealViewController.h; sourceTree = "<group>"; };
		3C7E81FE1B7A907F00597103 /* SWRevealViewController.m */ = {isa = PBXFileReference; fileEncoding = 4; lastKnownFileType = sourcecode.c.objc; path = SWRevealViewController.m; sourceTree = "<group>"; };
		3C7E82001B7A970500597103 /* BackTableVC.swift */ = {isa = PBXFileReference; fileEncoding = 4; lastKnownFileType = sourcecode.swift; name = BackTableVC.swift; path = Views/BackTableVC.swift; sourceTree = "<group>"; };
		3C7E82021B7A9A3400597103 /* BlusasGridController.swift */ = {isa = PBXFileReference; fileEncoding = 4; lastKnownFileType = sourcecode.swift; name = BlusasGridController.swift; path = Views/BlusasGridController.swift; sourceTree = "<group>"; };
		3C7E82041B7A9A4A00597103 /* LeggingsGridController.swift */ = {isa = PBXFileReference; fileEncoding = 4; lastKnownFileType = sourcecode.swift; name = LeggingsGridController.swift; path = Views/LeggingsGridController.swift; sourceTree = "<group>"; };
		3C7E82061B7A9A7300597103 /* BlusasJson.swift */ = {isa = PBXFileReference; fileEncoding = 4; lastKnownFileType = sourcecode.swift; name = BlusasJson.swift; path = JSON/BlusasJson.swift; sourceTree = "<group>"; };
		3C7E82081B7A9A8A00597103 /* LeggingsJson.swift */ = {isa = PBXFileReference; fileEncoding = 4; lastKnownFileType = sourcecode.swift; name = LeggingsJson.swift; path = JSON/LeggingsJson.swift; sourceTree = "<group>"; };
		3C7E820A1B7A9C1600597103 /* BlusasCell.swift */ = {isa = PBXFileReference; fileEncoding = 4; lastKnownFileType = sourcecode.swift; name = BlusasCell.swift; path = Cells/BlusasCell.swift; sourceTree = "<group>"; };
		3C7E820C1B7A9C3200597103 /* LeggingsCell.swift */ = {isa = PBXFileReference; fileEncoding = 4; lastKnownFileType = sourcecode.swift; name = LeggingsCell.swift; path = Cells/LeggingsCell.swift; sourceTree = "<group>"; };
		3CAB19751B82D81400636462 /* JnsZoomController.swift */ = {isa = PBXFileReference; fileEncoding = 4; lastKnownFileType = sourcecode.swift; name = JnsZoomController.swift; path = Zoom/JnsZoom/JnsZoomController.swift; sourceTree = "<group>"; };
		3CAB19771B82D85700636462 /* JnsZoomController2.swift */ = {isa = PBXFileReference; fileEncoding = 4; lastKnownFileType = sourcecode.swift; name = JnsZoomController2.swift; path = Zoom/JnsZoom/JnsZoomController2.swift; sourceTree = "<group>"; };
		3CAB19791B82D87500636462 /* JnsZoomController3.swift */ = {isa = PBXFileReference; fileEncoding = 4; lastKnownFileType = sourcecode.swift; name = JnsZoomController3.swift; path = Zoom/JnsZoom/JnsZoomController3.swift; sourceTree = "<group>"; };
		3CAB197D1B82E01300636462 /* BlusasZoomController.swift */ = {isa = PBXFileReference; fileEncoding = 4; lastKnownFileType = sourcecode.swift; name = BlusasZoomController.swift; path = Zoom/BlusasZoom/BlusasZoomController.swift; sourceTree = "<group>"; };
		3CAB197F1B82E01E00636462 /* LeggingsZoomController.swift */ = {isa = PBXFileReference; fileEncoding = 4; lastKnownFileType = sourcecode.swift; name = LeggingsZoomController.swift; path = Zoom/LeggingsZoom/LeggingsZoomController.swift; sourceTree = "<group>"; };
		3CAB19851B82F25300636462 /* LeggingsZoomController2.swift */ = {isa = PBXFileReference; fileEncoding = 4; lastKnownFileType = sourcecode.swift; name = LeggingsZoomController2.swift; path = Zoom/LeggingsZoom/LeggingsZoomController2.swift; sourceTree = "<group>"; };
		3CAB19871B82F26600636462 /* LeggingsZoomController3.swift */ = {isa = PBXFileReference; fileEncoding = 4; lastKnownFileType = sourcecode.swift; name = LeggingsZoomController3.swift; path = Zoom/LeggingsZoom/LeggingsZoomController3.swift; sourceTree = "<group>"; };
		3CC5E7E11B7672450036A9F9 /* BBU.app */ = {isa = PBXFileReference; explicitFileType = wrapper.application; includeInIndex = 0; path = BBU.app; sourceTree = BUILT_PRODUCTS_DIR; };
		3CC5E7E51B7672450036A9F9 /* Info.plist */ = {isa = PBXFileReference; lastKnownFileType = text.plist.xml; path = Info.plist; sourceTree = "<group>"; };
		3CC5E7E61B7672450036A9F9 /* AppDelegate.swift */ = {isa = PBXFileReference; lastKnownFileType = sourcecode.swift; path = AppDelegate.swift; sourceTree = "<group>"; };
		3CC5E7EB1B7672450036A9F9 /* Base */ = {isa = PBXFileReference; lastKnownFileType = file.storyboard; name = Base; path = Base.lproj/Main.storyboard; sourceTree = "<group>"; };
		3CC5E7ED1B7672450036A9F9 /* Images.xcassets */ = {isa = PBXFileReference; lastKnownFileType = folder.assetcatalog; path = Images.xcassets; sourceTree = "<group>"; };
		3CC5E7F01B7672460036A9F9 /* Base */ = {isa = PBXFileReference; lastKnownFileType = file.xib; name = Base; path = Base.lproj/LaunchScreen.xib; sourceTree = "<group>"; };
		3CC5E7F61B7672460036A9F9 /* BBUTests.xctest */ = {isa = PBXFileReference; explicitFileType = wrapper.cfbundle; includeInIndex = 0; path = BBUTests.xctest; sourceTree = BUILT_PRODUCTS_DIR; };
		3CC5E7FB1B7672460036A9F9 /* Info.plist */ = {isa = PBXFileReference; lastKnownFileType = text.plist.xml; path = Info.plist; sourceTree = "<group>"; };
		3CC5E7FC1B7672460036A9F9 /* BBUTests.swift */ = {isa = PBXFileReference; lastKnownFileType = sourcecode.swift; path = BBUTests.swift; sourceTree = "<group>"; };
		3CC5E8071B76762E0036A9F9 /* JnsJson.swift */ = {isa = PBXFileReference; fileEncoding = 4; lastKnownFileType = sourcecode.swift; name = JnsJson.swift; path = JSON/JnsJson.swift; sourceTree = "<group>"; };
		3CC5E80C1B7679E40036A9F9 /* Utils.swift */ = {isa = PBXFileReference; fileEncoding = 4; lastKnownFileType = sourcecode.swift; name = Utils.swift; path = Utils/Utils.swift; sourceTree = "<group>"; };
		3CC5E80E1B767B590036A9F9 /* JsonExtrct.swift */ = {isa = PBXFileReference; fileEncoding = 4; lastKnownFileType = sourcecode.swift; name = JsonExtrct.swift; path = JSON/JsonExtrct.swift; sourceTree = "<group>"; };
		3CC5E8111B7695AC0036A9F9 /* JnsGridController.swift */ = {isa = PBXFileReference; fileEncoding = 4; lastKnownFileType = sourcecode.swift; name = JnsGridController.swift; path = Views/JnsGridController.swift; sourceTree = "<group>"; };
		3CC5E8141B7699310036A9F9 /* JnsCell.swift */ = {isa = PBXFileReference; fileEncoding = 4; lastKnownFileType = sourcecode.swift; name = JnsCell.swift; path = Cells/JnsCell.swift; sourceTree = "<group>"; };
		3CC5E8181B7699930036A9F9 /* mTheme.swift */ = {isa = PBXFileReference; fileEncoding = 4; lastKnownFileType = sourcecode.swift; name = mTheme.swift; path = Theme/mTheme.swift; sourceTree = "<group>"; };
/* End PBXFileReference section */

/* Begin PBXFrameworksBuildPhase section */
		3CC5E7DE1B7672450036A9F9 /* Frameworks */ = {
			isa = PBXFrameworksBuildPhase;
			buildActionMask = 2147483647;
			files = (
			);
			runOnlyForDeploymentPostprocessing = 0;
		};
		3CC5E7F31B7672460036A9F9 /* Frameworks */ = {
			isa = PBXFrameworksBuildPhase;
			buildActionMask = 2147483647;
			files = (
			);
			runOnlyForDeploymentPostprocessing = 0;
		};
/* End PBXFrameworksBuildPhase section */

/* Begin PBXGroup section */
		3C2000611B7F82FA006E37A0 /* Zoom */ = {
			isa = PBXGroup;
			children = (
				3CAB197C1B82DFDF00636462 /* LeggingsZoom */,
				3CAB197B1B82DFCB00636462 /* BlusasZoom */,
				3CAB19741B82D7B500636462 /* JnsZoom */,
			);
			name = Zoom;
			sourceTree = "<group>";
		};
		3C61BEC71B7CE158004C6890 /* Details */ = {
			isa = PBXGroup;
			children = (
				3C61BEC81B7CE21F004C6890 /* JnsDetail.swift */,
				3C61BECA1B7CE293004C6890 /* BlusasDetail.swift */,
				3C61BECC1B7CE2AD004C6890 /* LeggingsDetail.swift */,
			);
			name = Details;
			sourceTree = "<group>";
		};
		3C61BECE1B7CE823004C6890 /* TransitionOperator */ = {
			isa = PBXGroup;
			children = (
				3C61BECF1B7CE85D004C6890 /* TransitionOperator.swift */,
			);
			name = TransitionOperator;
			sourceTree = "<group>";
		};
		3CAB19741B82D7B500636462 /* JnsZoom */ = {
			isa = PBXGroup;
			children = (
				3CAB19751B82D81400636462 /* JnsZoomController.swift */,
				3CAB19771B82D85700636462 /* JnsZoomController2.swift */,
				3CAB19791B82D87500636462 /* JnsZoomController3.swift */,
			);
			name = JnsZoom;
			sourceTree = "<group>";
		};
		3CAB197B1B82DFCB00636462 /* BlusasZoom */ = {
			isa = PBXGroup;
			children = (
				3CAB197D1B82E01300636462 /* BlusasZoomController.swift */,
			);
			name = BlusasZoom;
			sourceTree = "<group>";
		};
		3CAB197C1B82DFDF00636462 /* LeggingsZoom */ = {
			isa = PBXGroup;
			children = (
				3CAB197F1B82E01E00636462 /* LeggingsZoomController.swift */,
				3CAB19851B82F25300636462 /* LeggingsZoomController2.swift */,
				3CAB19871B82F26600636462 /* LeggingsZoomController3.swift */,
			);
			name = LeggingsZoom;
			sourceTree = "<group>";
		};
		3CC5E7D81B7672450036A9F9 = {
			isa = PBXGroup;
			children = (
				3CC5E7E31B7672450036A9F9 /* BBU */,
				3CC5E7F91B7672460036A9F9 /* BBUTests */,
				3CC5E7E21B7672450036A9F9 /* Products */,
			);
			sourceTree = "<group>";
		};
		3CC5E7E21B7672450036A9F9 /* Products */ = {
			isa = PBXGroup;
			children = (
				3CC5E7E11B7672450036A9F9 /* BBU.app */,
				3CC5E7F61B7672460036A9F9 /* BBUTests.xctest */,
			);
			name = Products;
			sourceTree = "<group>";
		};
		3CC5E7E31B7672450036A9F9 /* BBU */ = {
			isa = PBXGroup;
			children = (
				3C2000611B7F82FA006E37A0 /* Zoom */,
				3C61BECE1B7CE823004C6890 /* TransitionOperator */,
				3C61BEC71B7CE158004C6890 /* Details */,
				3CC5E8171B7699730036A9F9 /* Theme */,
				3CC5E8131B7698F90036A9F9 /* Cells */,
				3CC5E8101B7695400036A9F9 /* Views */,
				3CC5E80B1B7679BD0036A9F9 /* Utils */,
				3CC5E8061B7675AE0036A9F9 /* JSON */,
				3CC5E7E61B7672450036A9F9 /* AppDelegate.swift */,
				3CC5E7EA1B7672450036A9F9 /* Main.storyboard */,
				3CC5E7ED1B7672450036A9F9 /* Images.xcassets */,
				3CC5E7EF1B7672460036A9F9 /* LaunchScreen.xib */,
				3CC5E7E41B7672450036A9F9 /* Supporting Files */,
			);
			path = BBU;
			sourceTree = "<group>";
		};
		3CC5E7E41B7672450036A9F9 /* Supporting Files */ = {
			isa = PBXGroup;
			children = (
				3C7E81FD1B7A907F00597103 /* SWRevealViewController.h */,
				3C7E81FE1B7A907F00597103 /* SWRevealViewController.m */,
				3CC5E7E51B7672450036A9F9 /* Info.plist */,
				3C7E81FC1B7A907E00597103 /* BBU-Bridging-Header.h */,
			);
			name = "Supporting Files";
			sourceTree = "<group>";
		};
		3CC5E7F91B7672460036A9F9 /* BBUTests */ = {
			isa = PBXGroup;
			children = (
				3CC5E7FC1B7672460036A9F9 /* BBUTests.swift */,
				3CC5E7FA1B7672460036A9F9 /* Supporting Files */,
			);
			path = BBUTests;
			sourceTree = "<group>";
		};
		3CC5E7FA1B7672460036A9F9 /* Supporting Files */ = {
			isa = PBXGroup;
			children = (
				3CC5E7FB1B7672460036A9F9 /* Info.plist */,
			);
			name = "Supporting Files";
			sourceTree = "<group>";
		};
		3CC5E8061B7675AE0036A9F9 /* JSON */ = {
			isa = PBXGroup;
			children = (
				3CC5E8071B76762E0036A9F9 /* JnsJson.swift */,
				3CC5E80E1B767B590036A9F9 /* JsonExtrct.swift */,
				3C7E82061B7A9A7300597103 /* BlusasJson.swift */,
				3C7E82081B7A9A8A00597103 /* LeggingsJson.swift */,
			);
			name = JSON;
			sourceTree = "<group>";
		};
		3CC5E80B1B7679BD0036A9F9 /* Utils */ = {
			isa = PBXGroup;
			children = (
				3CC5E80C1B7679E40036A9F9 /* Utils.swift */,
			);
			name = Utils;
			sourceTree = "<group>";
		};
		3CC5E8101B7695400036A9F9 /* Views */ = {
			isa = PBXGroup;
			children = (
				3CC5E8111B7695AC0036A9F9 /* JnsGridController.swift */,
				3C7E82001B7A970500597103 /* BackTableVC.swift */,
				3C7E82021B7A9A3400597103 /* BlusasGridController.swift */,
				3C7E82041B7A9A4A00597103 /* LeggingsGridController.swift */,
			);
			name = Views;
			sourceTree = "<group>";
		};
		3CC5E8131B7698F90036A9F9 /* Cells */ = {
			isa = PBXGroup;
			children = (
				3CC5E8141B7699310036A9F9 /* JnsCell.swift */,
				3C7E820A1B7A9C1600597103 /* BlusasCell.swift */,
				3C7E820C1B7A9C3200597103 /* LeggingsCell.swift */,
			);
			name = Cells;
			sourceTree = "<group>";
		};
		3CC5E8171B7699730036A9F9 /* Theme */ = {
			isa = PBXGroup;
			children = (
				3CC5E8181B7699930036A9F9 /* mTheme.swift */,
			);
			name = Theme;
			sourceTree = "<group>";
		};
/* End PBXGroup section */

/* Begin PBXNativeTarget section */
		3CC5E7E01B7672450036A9F9 /* BBU */ = {
			isa = PBXNativeTarget;
			buildConfigurationList = 3CC5E8001B7672460036A9F9 /* Build configuration list for PBXNativeTarget "BBU" */;
			buildPhases = (
				3CC5E7DD1B7672450036A9F9 /* Sources */,
				3CC5E7DE1B7672450036A9F9 /* Frameworks */,
				3CC5E7DF1B7672450036A9F9 /* Resources */,
			);
			buildRules = (
			);
			dependencies = (
			);
			name = BBU;
			productName = BBU;
			productReference = 3CC5E7E11B7672450036A9F9 /* BBU.app */;
			productType = "com.apple.product-type.application";
		};
		3CC5E7F51B7672460036A9F9 /* BBUTests */ = {
			isa = PBXNativeTarget;
			buildConfigurationList = 3CC5E8031B7672460036A9F9 /* Build configuration list for PBXNativeTarget "BBUTests" */;
			buildPhases = (
				3CC5E7F21B7672460036A9F9 /* Sources */,
				3CC5E7F31B7672460036A9F9 /* Frameworks */,
				3CC5E7F41B7672460036A9F9 /* Resources */,
			);
			buildRules = (
			);
			dependencies = (
				3CC5E7F81B7672460036A9F9 /* PBXTargetDependency */,
			);
			name = BBUTests;
			productName = BBUTests;
			productReference = 3CC5E7F61B7672460036A9F9 /* BBUTests.xctest */;
			productType = "com.apple.product-type.bundle.unit-test";
		};
/* End PBXNativeTarget section */

/* Begin PBXProject section */
		3CC5E7D91B7672450036A9F9 /* Project object */ = {
			isa = PBXProject;
			attributes = {
				LastUpgradeCheck = 0630;
				ORGANIZATIONNAME = DynmK;
				TargetAttributes = {
					3CC5E7E01B7672450036A9F9 = {
						CreatedOnToolsVersion = 6.3;
					};
					3CC5E7F51B7672460036A9F9 = {
						CreatedOnToolsVersion = 6.3;
						TestTargetID = 3CC5E7E01B7672450036A9F9;
					};
				};
			};
			buildConfigurationList = 3CC5E7DC1B7672450036A9F9 /* Build configuration list for PBXProject "BBU" */;
			compatibilityVersion = "Xcode 3.2";
			developmentRegion = English;
			hasScannedForEncodings = 0;
			knownRegions = (
				en,
				Base,
			);
			mainGroup = 3CC5E7D81B7672450036A9F9;
			productRefGroup = 3CC5E7E21B7672450036A9F9 /* Products */;
			projectDirPath = "";
			projectRoot = "";
			targets = (
				3CC5E7E01B7672450036A9F9 /* BBU */,
				3CC5E7F51B7672460036A9F9 /* BBUTests */,
			);
		};
/* End PBXProject section */

/* Begin PBXResourcesBuildPhase section */
		3CC5E7DF1B7672450036A9F9 /* Resources */ = {
			isa = PBXResourcesBuildPhase;
			buildActionMask = 2147483647;
			files = (
				3CC5E7EC1B7672450036A9F9 /* Main.storyboard in Resources */,
				3CC5E7F11B7672460036A9F9 /* LaunchScreen.xib in Resources */,
				3CC5E7EE1B7672450036A9F9 /* Images.xcassets in Resources */,
			);
			runOnlyForDeploymentPostprocessing = 0;
		};
		3CC5E7F41B7672460036A9F9 /* Resources */ = {
			isa = PBXResourcesBuildPhase;
			buildActionMask = 2147483647;
			files = (
			);
			runOnlyForDeploymentPostprocessing = 0;
		};
/* End PBXResourcesBuildPhase section */

/* Begin PBXSourcesBuildPhase section */
		3CC5E7DD1B7672450036A9F9 /* Sources */ = {
			isa = PBXSourcesBuildPhase;
			buildActionMask = 2147483647;
			files = (
				3C7E82071B7A9A7300597103 /* BlusasJson.swift in Sources */,
				3CC5E8151B7699310036A9F9 /* JnsCell.swift in Sources */,
				3CAB197A1B82D87500636462 /* JnsZoomController3.swift in Sources */,
				3CC5E80D1B7679E40036A9F9 /* Utils.swift in Sources */,
				3CC5E7E71B7672450036A9F9 /* AppDelegate.swift in Sources */,
				3C61BECD1B7CE2AD004C6890 /* LeggingsDetail.swift in Sources */,
				3C7E820B1B7A9C1600597103 /* BlusasCell.swift in Sources */,
				3C61BED01B7CE85D004C6890 /* TransitionOperator.swift in Sources */,
				3CC5E8121B7695AC0036A9F9 /* JnsGridController.swift in Sources */,
				3C7E82051B7A9A4A00597103 /* LeggingsGridController.swift in Sources */,
				3CAB19861B82F25300636462 /* LeggingsZoomController2.swift in Sources */,
				3C7E81FF1B7A907F00597103 /* SWRevealViewController.m in Sources */,
				3C61BEC91B7CE21F004C6890 /* JnsDetail.swift in Sources */,
				3CAB19801B82E01E00636462 /* LeggingsZoomController.swift in Sources */,
				3CAB19881B82F26600636462 /* LeggingsZoomController3.swift in Sources */,
				3CAB19781B82D85700636462 /* JnsZoomController2.swift in Sources */,
				3C7E82011B7A970500597103 /* BackTableVC.swift in Sources */,
				3C7E82091B7A9A8A00597103 /* LeggingsJson.swift in Sources */,
				3CC5E8081B76762E0036A9F9 /* JnsJson.swift in Sources */,
				3CAB197E1B82E01300636462 /* BlusasZoomController.swift in Sources */,
				3CAB19761B82D81400636462 /* JnsZoomController.swift in Sources */,
				3C61BECB1B7CE293004C6890 /* BlusasDetail.swift in Sources */,
				3CC5E80F1B767B590036A9F9 /* JsonExtrct.swift in Sources */,
				3C7E820D1B7A9C3200597103 /* LeggingsCell.swift in Sources */,
				3CC5E8191B7699930036A9F9 /* mTheme.swift in Sources */,
				3C7E82031B7A9A3400597103 /* BlusasGridController.swift in Sources */,
			);
			runOnlyForDeploymentPostprocessing = 0;
		};
		3CC5E7F21B7672460036A9F9 /* Sources */ = {
			isa = PBXSourcesBuildPhase;
			buildActionMask = 2147483647;
			files = (
				3CC5E7FD1B7672460036A9F9 /* BBUTests.swift in Sources */,
			);
			runOnlyForDeploymentPostprocessing = 0;
		};
/* End PBXSourcesBuildPhase section */

/* Begin PBXTargetDependency section */
		3CC5E7F81B7672460036A9F9 /* PBXTargetDependency */ = {
			isa = PBXTargetDependency;
			target = 3CC5E7E01B7672450036A9F9 /* BBU */;
			targetProxy = 3CC5E7F71B7672460036A9F9 /* PBXContainerItemProxy */;
		};
/* End PBXTargetDependency section */

/* Begin PBXVariantGroup section */
		3CC5E7EA1B7672450036A9F9 /* Main.storyboard */ = {
			isa = PBXVariantGroup;
			children = (
				3CC5E7EB1B7672450036A9F9 /* Base */,
			);
			name = Main.storyboard;
			sourceTree = "<group>";
		};
		3CC5E7EF1B7672460036A9F9 /* LaunchScreen.xib */ = {
			isa = PBXVariantGroup;
			children = (
				3CC5E7F01B7672460036A9F9 /* Base */,
			);
			name = LaunchScreen.xib;
			sourceTree = "<group>";
		};
/* End PBXVariantGroup section */

/* Begin XCBuildConfiguration section */
		3CC5E7FE1B7672460036A9F9 /* Debug */ = {
			isa = XCBuildConfiguration;
			buildSettings = {
				ALWAYS_SEARCH_USER_PATHS = NO;
				CLANG_CXX_LANGUAGE_STANDARD = "gnu++0x";
				CLANG_CXX_LIBRARY = "libc++";
				CLANG_ENABLE_MODULES = YES;
				CLANG_ENABLE_OBJC_ARC = YES;
				CLANG_WARN_BOOL_CONVERSION = YES;
				CLANG_WARN_CONSTANT_CONVERSION = YES;
				CLANG_WARN_DIRECT_OBJC_ISA_USAGE = YES_ERROR;
				CLANG_WARN_EMPTY_BODY = YES;
				CLANG_WARN_ENUM_CONVERSION = YES;
				CLANG_WARN_INT_CONVERSION = YES;
				CLANG_WARN_OBJC_ROOT_CLASS = YES_ERROR;
				CLANG_WARN_UNREACHABLE_CODE = YES;
				CLANG_WARN__DUPLICATE_METHOD_MATCH = YES;
				"CODE_SIGN_IDENTITY[sdk=iphoneos*]" = "iPhone Developer";
				COPY_PHASE_STRIP = NO;
				DEBUG_INFORMATION_FORMAT = "dwarf-with-dsym";
				ENABLE_STRICT_OBJC_MSGSEND = YES;
				GCC_C_LANGUAGE_STANDARD = gnu99;
				GCC_DYNAMIC_NO_PIC = NO;
				GCC_NO_COMMON_BLOCKS = YES;
				GCC_OPTIMIZATION_LEVEL = 0;
				GCC_PREPROCESSOR_DEFINITIONS = (
					"DEBUG=1",
					"$(inherited)",
				);
				GCC_SYMBOLS_PRIVATE_EXTERN = NO;
				GCC_WARN_64_TO_32_BIT_CONVERSION = YES;
				GCC_WARN_ABOUT_RETURN_TYPE = YES_ERROR;
				GCC_WARN_UNDECLARED_SELECTOR = YES;
				GCC_WARN_UNINITIALIZED_AUTOS = YES_AGGRESSIVE;
				GCC_WARN_UNUSED_FUNCTION = YES;
				GCC_WARN_UNUSED_VARIABLE = YES;
				IPHONEOS_DEPLOYMENT_TARGET = 8.3;
				MTL_ENABLE_DEBUG_INFO = YES;
				ONLY_ACTIVE_ARCH = YES;
				SDKROOT = iphoneos;
				SWIFT_OPTIMIZATION_LEVEL = "-Onone";
				TARGETED_DEVICE_FAMILY = "1,2";
			};
			name = Debug;
		};
		3CC5E7FF1B7672460036A9F9 /* Release */ = {
			isa = XCBuildConfiguration;
			buildSettings = {
				ALWAYS_SEARCH_USER_PATHS = NO;
				CLANG_CXX_LANGUAGE_STANDARD = "gnu++0x";
				CLANG_CXX_LIBRARY = "libc++";
				CLANG_ENABLE_MODULES = YES;
				CLANG_ENABLE_OBJC_ARC = YES;
				CLANG_WARN_BOOL_CONVERSION = YES;
				CLANG_WARN_CONSTANT_CONVERSION = YES;
				CLANG_WARN_DIRECT_OBJC_ISA_USAGE = YES_ERROR;
				CLANG_WARN_EMPTY_BODY = YES;
				CLANG_WARN_ENUM_CONVERSION = YES;
				CLANG_WARN_INT_CONVERSION = YES;
				CLANG_WARN_OBJC_ROOT_CLASS = YES_ERROR;
				CLANG_WARN_UNREACHABLE_CODE = YES;
				CLANG_WARN__DUPLICATE_METHOD_MATCH = YES;
				"CODE_SIGN_IDENTITY[sdk=iphoneos*]" = "iPhone Developer";
				COPY_PHASE_STRIP = NO;
				DEBUG_INFORMATION_FORMAT = "dwarf-with-dsym";
				ENABLE_NS_ASSERTIONS = NO;
				ENABLE_STRICT_OBJC_MSGSEND = YES;
				GCC_C_LANGUAGE_STANDARD = gnu99;
				GCC_NO_COMMON_BLOCKS = YES;
				GCC_WARN_64_TO_32_BIT_CONVERSION = YES;
				GCC_WARN_ABOUT_RETURN_TYPE = YES_ERROR;
				GCC_WARN_UNDECLARED_SELECTOR = YES;
				GCC_WARN_UNINITIALIZED_AUTOS = YES_AGGRESSIVE;
				GCC_WARN_UNUSED_FUNCTION = YES;
				GCC_WARN_UNUSED_VARIABLE = YES;
				IPHONEOS_DEPLOYMENT_TARGET = 8.3;
				MTL_ENABLE_DEBUG_INFO = NO;
				SDKROOT = iphoneos;
				TARGETED_DEVICE_FAMILY = "1,2";
				VALIDATE_PRODUCT = YES;
			};
			name = Release;
		};
		3CC5E8011B7672460036A9F9 /* Debug */ = {
			isa = XCBuildConfiguration;
			buildSettings = {
				ASSETCATALOG_COMPILER_APPICON_NAME = AppIcon;
				CLANG_ENABLE_MODULES = YES;
				INFOPLIST_FILE = BBU/Info.plist;
				LD_RUNPATH_SEARCH_PATHS = "$(inherited) @executable_path/Frameworks";
				PRODUCT_NAME = "$(TARGET_NAME)";
				SWIFT_OBJC_BRIDGING_HEADER = "BBU/BBU-Bridging-Header.h";
				SWIFT_OPTIMIZATION_LEVEL = "-Onone";
				TARGETED_DEVICE_FAMILY = 1;
			};
			name = Debug;
		};
		3CC5E8021B7672460036A9F9 /* Release */ = {
			isa = XCBuildConfiguration;
			buildSettings = {
				ASSETCATALOG_COMPILER_APPICON_NAME = AppIcon;
				CLANG_ENABLE_MODULES = YES;
				INFOPLIST_FILE = BBU/Info.plist;
				LD_RUNPATH_SEARCH_PATHS = "$(inherited) @executable_path/Frameworks";
				PRODUCT_NAME = "$(TARGET_NAME)";
				SWIFT_OBJC_BRIDGING_HEADER = "BBU/BBU-Bridging-Header.h";
				TARGETED_DEVICE_FAMILY = 1;
			};
			name = Release;
		};
		3CC5E8041B7672460036A9F9 /* Debug */ = {
			isa = XCBuildConfiguration;
			buildSettings = {
				BUNDLE_LOADER = "$(TEST_HOST)";
				FRAMEWORK_SEARCH_PATHS = (
					"$(SDKROOT)/Developer/Library/Frameworks",
					"$(inherited)",
				);
				GCC_PREPROCESSOR_DEFINITIONS = (
					"DEBUG=1",
					"$(inherited)",
				);
				INFOPLIST_FILE = BBUTests/Info.plist;
				LD_RUNPATH_SEARCH_PATHS = "$(inherited) @executable_path/Frameworks @loader_path/Frameworks";
				PRODUCT_NAME = "$(TARGET_NAME)";
				TEST_HOST = "$(BUILT_PRODUCTS_DIR)/BBU.app/BBU";
			};
			name = Debug;
		};
		3CC5E8051B7672460036A9F9 /* Release */ = {
			isa = XCBuildConfiguration;
			buildSettings = {
				BUNDLE_LOADER = "$(TEST_HOST)";
				FRAMEWORK_SEARCH_PATHS = (
					"$(SDKROOT)/Developer/Library/Frameworks",
					"$(inherited)",
				);
				INFOPLIST_FILE = BBUTests/Info.plist;
				LD_RUNPATH_SEARCH_PATHS = "$(inherited) @executable_path/Frameworks @loader_path/Frameworks";
				PRODUCT_NAME = "$(TARGET_NAME)";
				TEST_HOST = "$(BUILT_PRODUCTS_DIR)/BBU.app/BBU";
			};
			name = Release;
		};
/* End XCBuildConfiguration section */

/* Begin XCConfigurationList section */
		3CC5E7DC1B7672450036A9F9 /* Build configuration list for PBXProject "BBU" */ = {
			isa = XCConfigurationList;
			buildConfigurations = (
				3CC5E7FE1B7672460036A9F9 /* Debug */,
				3CC5E7FF1B7672460036A9F9 /* Release */,
			);
			defaultConfigurationIsVisible = 0;
			defaultConfigurationName = Release;
		};
		3CC5E8001B7672460036A9F9 /* Build configuration list for PBXNativeTarget "BBU" */ = {
			isa = XCConfigurationList;
			buildConfigurations = (
				3CC5E8011B7672460036A9F9 /* Debug */,
				3CC5E8021B7672460036A9F9 /* Release */,
			);
			defaultConfigurationIsVisible = 0;
			defaultConfigurationName = Release;
		};
		3CC5E8031B7672460036A9F9 /* Build configuration list for PBXNativeTarget "BBUTests" */ = {
			isa = XCConfigurationList;
			buildConfigurations = (
				3CC5E8041B7672460036A9F9 /* Debug */,
				3CC5E8051B7672460036A9F9 /* Release */,
			);
			defaultConfigurationIsVisible = 0;
			defaultConfigurationName = Release;
		};
/* End XCConfigurationList section */
	};
	rootObject = 3CC5E7D91B7672450036A9F9 /* Project object */;
}
